%{"bucs": {:hex, :bucs, "0.1.7", "12735681657c19f32218cefde65ca8ccd905eb2239ceda82318ec3eec714688a", [:rebar3, :mix, :make], []},
  "cowboy": {:git, "https://github.com/ninenines/cowboy.git", "dbb636034f20736e16eb9d6c809217c9525b6cbd", [tag: "2.0.0-pre.3"]},
  "cowlib": {:git, "https://github.com/ninenines/cowlib", "8cf98c9f3d1292c1b08fca5ca99772ae912eaa86", [ref: "master"]},
  "ranch": {:git, "https://github.com/ninenines/ranch", "741bfb73ca663394ecf7a73410506d66f01985a6", [ref: "1.1.0"]}}
